
Microsoft Visual Studio Solution File, Format Version 12.00
# Visual Studio Version 17
VisualStudioVersion = 17.14.36310.24
MinimumVisualStudioVersion = 10.0.40219.1
Project("{FAE04EC0-301F-11D3-BF4B-00C04F79EFBC}") = "WPF.Basics", "WPF-Basics\WPF.Basics.csproj", "{DE7D3D37-9F06-4931-3D1E-8B24323398FA}"
EndProject
Project("{FAE04EC0-301F-11D3-BF4B-00C04F79EFBC}") = "WPF.TreeView", "WPF.TreeView\WPF.TreeView.csproj", "{41A12E99-4477-43A3-AEF5-6E2FB53F1850}"
EndProject
Project("{FAE04EC0-301F-11D3-BF4B-00C04F79EFBC}") = "Fasetto.Word", "Fasetto.Word\Fasetto.Word.csproj", "{C9C2E818-2320-4C03-BF5F-682072D00B42}"
EndProject
Global
	GlobalSection(SolutionConfigurationPlatforms) = preSolution
		Debug|Any CPU = Debug|Any CPU
		Release|Any CPU = Release|Any CPU
	EndGlobalSection
	GlobalSection(ProjectConfigurationPlatforms) = postSolution
		{DE7D3D37-9F06-4931-3D1E-8B24323398FA}.Debug|Any CPU.ActiveCfg = Debug|Any CPU
		{DE7D3D37-9F06-4931-3D1E-8B24323398FA}.Debug|Any CPU.Build.0 = Debug|Any CPU
		{DE7D3D37-9F06-4931-3D1E-8B24323398FA}.Release|Any CPU.ActiveCfg = Release|Any CPU
		{DE7D3D37-9F06-4931-3D1E-8B24323398FA}.Release|Any CPU.Build.0 = Release|Any CPU
		{41A12E99-4477-43A3-AEF5-6E2FB53F1850}.Debug|Any CPU.ActiveCfg = Debug|Any CPU
		{41A12E99-4477-43A3-AEF5-6E2FB53F1850}.Debug|Any CPU.Build.0 = Debug|Any CPU
		{41A12E99-4477-43A3-AEF5-6E2FB53F1850}.Release|Any CPU.ActiveCfg = Release|Any CPU
		{41A12E99-4477-43A3-AEF5-6E2FB53F1850}.Release|Any CPU.Build.0 = Release|Any CPU
		{C9C2E818-2320-4C03-BF5F-682072D00B42}.Debug|Any CPU.ActiveCfg = Debug|Any CPU
		{C9C2E818-2320-4C03-BF5F-682072D00B42}.Debug|Any CPU.Build.0 = Debug|Any CPU
		{C9C2E818-2320-4C03-BF5F-682072D00B42}.Release|Any CPU.ActiveCfg = Release|Any CPU
		{C9C2E818-2320-4C03-BF5F-682072D00B42}.Release|Any CPU.Build.0 = Release|Any CPU
	EndGlobalSection
	GlobalSection(SolutionProperties) = preSolution
		HideSolutionNode = FALSE
	EndGlobalSection
	GlobalSection(ExtensibilityGlobals) = postSolution
		SolutionGuid = {977D04FC-6AD2-4DDC-B432-A884769D0929}
	EndGlobalSection
EndGlobal
